
Microsoft Visual Studio Solution File, Format Version 12.00
# Visual Studio 14
VisualStudioVersion = 14.0.23107.0
MinimumVisualStudioVersion = 10.0.40219.1
Project("{FAE04EC0-301F-11D3-BF4B-00C04F79EFBC}") = "VeracodeExamples", "VeracodeExamples\VeracodeExamples.csproj", "{24328D84-F38E-417B-A9B7-AB5BE3C6FDED}"
EndProject
Global
	GlobalSection(SolutionConfigurationPlatforms) = preSolution
		Debug|Any CPU = Debug|Any CPU
		Release|Any CPU = Release|Any CPU
	EndGlobalSection
	GlobalSection(ProjectConfigurationPlatforms) = postSolution
		{24328D84-F38E-417B-A9B7-AB5BE3C6FDED}.Debug|Any CPU.ActiveCfg = Debug|Any CPU
		{24328D84-F38E-417B-A9B7-AB5BE3C6FDED}.Debug|Any CPU.Build.0 = Debug|Any CPU
		{24328D84-F38E-417B-A9B7-AB5BE3C6FDED}.Release|Any CPU.ActiveCfg = Release|Any CPU
		{24328D84-F38E-417B-A9B7-AB5BE3C6FDED}.Release|Any CPU.Build.0 = Release|Any CPU
	EndGlobalSection
	GlobalSection(SolutionProperties) = preSolution
		HideSolutionNode = FALSE
	EndGlobalSection
EndGlobal
